
Microsoft Visual Studio Solution File, Format Version 12.00
# Visual Studio Version 16
VisualStudioVersion = 16.0.34114.132
MinimumVisualStudioVersion = 10.0.40219.1
Project("{2150E333-8FDC-42A3-9474-1A3956D46DE8}") = "Task0", "Task0", "{8364CCB2-52B7-422C-98B3-84AE0FB67F36}"
EndProject
Project("{FAE04EC0-301F-11D3-BF4B-00C04F79EFBC}") = "Tyuiu.KaidalovIG.Sprint5.Task0.V8", "Tyuiu.KaidalovIG.Sprint5.Task0.V8\Tyuiu.KaidalovIG.Sprint5.Task0.V8.csproj", "{228A86C9-F258-41EC-AB87-4F8712F56C73}"
EndProject
Project("{FAE04EC0-301F-11D3-BF4B-00C04F79EFBC}") = "Tyuiu.KaidalovIG.Sprint5.Task0.V8.Lib", "Tyuiu.KaidalovIG.Sprint5.Task0.V8.Lib\Tyuiu.KaidalovIG.Sprint5.Task0.V8.Lib.csproj", "{AC3E4C10-C822-4F65-B198-0289CC8F04AF}"
EndProject
Project("{FAE04EC0-301F-11D3-BF4B-00C04F79EFBC}") = "Tyuiu.KaidalovIG.Sprint5.Task0.V8.Test", "Tyuiu.KaidalovIG.Sprint5.Task0.V8.Test\Tyuiu.KaidalovIG.Sprint5.Task0.V8.Test.csproj", "{7DCF43C6-785F-417A-AC9A-6EAF1FD6B7B0}"
EndProject
Project("{2150E333-8FDC-42A3-9474-1A3956D46DE8}") = "Task1", "Task1", "{C90BEDCE-72C0-462A-AFD8-953D2CD47B0F}"
EndProject
Project("{FAE04EC0-301F-11D3-BF4B-00C04F79EFBC}") = "Tyuiu.KaidalovIG.Sprint5.Task1.V24", "Tyuiu.KaidalovIG.Sprint5.Task1.V24\Tyuiu.KaidalovIG.Sprint5.Task1.V24.csproj", "{90A4F84B-A4D7-42BD-A9CB-A6D4B46EC7CD}"
EndProject
Project("{FAE04EC0-301F-11D3-BF4B-00C04F79EFBC}") = "Tyuiu.KaidalovIG.Sprint5.Task1.V24.Test", "Tyuiu.KaidalovIG.Sprint5.Task1.V24.Test\Tyuiu.KaidalovIG.Sprint5.Task1.V24.Test.csproj", "{0F896CCB-72B5-4106-A9CA-1B85D649F499}"
EndProject
Project("{FAE04EC0-301F-11D3-BF4B-00C04F79EFBC}") = "Tyuiu.KaidalovIG.Sprint5.Task1.V24.Lib", "Tyuiu.KaidalovIG.Sprint5.Task1.V24.Lib\Tyuiu.KaidalovIG.Sprint5.Task1.V24.Lib.csproj", "{C6C42450-A49B-43D3-93FD-C03AF9B029D4}"
EndProject
Project("{2150E333-8FDC-42A3-9474-1A3956D46DE8}") = "Task2", "Task2", "{74795F28-EC01-4407-A552-99F31EC50F96}"
EndProject
Project("{FAE04EC0-301F-11D3-BF4B-00C04F79EFBC}") = "Tyuiu.KaidalovIG.Sprint5.Task2.V20", "Tyuiu.KaidalovIG.Sprint5.Task2.V20\Tyuiu.KaidalovIG.Sprint5.Task2.V20.csproj", "{88E9D532-964B-44FB-AC44-196FF0DE3334}"
EndProject
Project("{FAE04EC0-301F-11D3-BF4B-00C04F79EFBC}") = "Tyuiu.KaidalovIG.Sprint5.Task2.V20.Lib", "Tyuiu.KaidalovIG.Sprint5.Task2.V20.Lib\Tyuiu.KaidalovIG.Sprint5.Task2.V20.Lib.csproj", "{6F7CAA2D-378D-48E0-810A-3D9359EA22B8}"
EndProject
Project("{FAE04EC0-301F-11D3-BF4B-00C04F79EFBC}") = "Tyuiu.KaidalovIG.Sprint5.Task2.V20.Test", "Tyuiu.KaidalovIG.Sprint5.Task2.V20.Test\Tyuiu.KaidalovIG.Sprint5.Task2.V20.Test.csproj", "{ADCF5AF2-B037-4754-A4AC-FA460A870546}"
EndProject
Project("{2150E333-8FDC-42A3-9474-1A3956D46DE8}") = "Task3", "Task3", "{15104A06-8719-4E48-9203-E9C639DBAD6A}"
EndProject
Project("{FAE04EC0-301F-11D3-BF4B-00C04F79EFBC}") = "Tyuiu.KaidalovIG.Sprint5.Task3.V18", "Tyuiu.KaidalovIG.Sprint5.Task3.V18\Tyuiu.KaidalovIG.Sprint5.Task3.V18.csproj", "{84FD55E9-F288-4727-831C-66E858C8F67B}"
EndProject
Project("{FAE04EC0-301F-11D3-BF4B-00C04F79EFBC}") = "Tyuiu.KaidalovIG.Sprint5.Task3.V18.Test", "Tyuiu.KaidalovIG.Sprint5.Task3.V18.Test\Tyuiu.KaidalovIG.Sprint5.Task3.V18.Test.csproj", "{1EB2B778-E00D-4217-9F63-46A850821416}"
EndProject
Project("{FAE04EC0-301F-11D3-BF4B-00C04F79EFBC}") = "Tyuiu.KaidalovIG.Sprint5.Task3.V18.Lib", "Tyuiu.KaidalovIG.Sprint5.Task3.V18.Lib\Tyuiu.KaidalovIG.Sprint5.Task3.V18.Lib.csproj", "{517B4E99-DFEA-4391-A33B-E77D15ACAE21}"
EndProject
Project("{2150E333-8FDC-42A3-9474-1A3956D46DE8}") = "Task4", "Task4", "{B9A7B8C5-6466-4D28-BAF7-2A36DD1F00C9}"
EndProject
Project("{FAE04EC0-301F-11D3-BF4B-00C04F79EFBC}") = "Tyuiu.KaidalovIG.Sprint5.Task4.V22", "Tyuiu.KaidalovIG.Sprint5.Task4.V22\Tyuiu.KaidalovIG.Sprint5.Task4.V22.csproj", "{8425AEE1-30CB-4D0E-ADED-1C8C631D948C}"
EndProject
Project("{FAE04EC0-301F-11D3-BF4B-00C04F79EFBC}") = "Tyuiu.KaidalovIG.Sprint5.Task4.V22.Lib", "Tyuiu.KaidalovIG.Sprint5.Task4.V22.Lib\Tyuiu.KaidalovIG.Sprint5.Task4.V22.Lib.csproj", "{B990A122-15F3-40F3-8B4C-B6972908FD94}"
EndProject
Project("{FAE04EC0-301F-11D3-BF4B-00C04F79EFBC}") = "Tyuiu.KaidalovIG.Sprint5.Task4.V22.Test", "Tyuiu.KaidalovIG.Sprint5.Task4.V22.Test\Tyuiu.KaidalovIG.Sprint5.Task4.V22.Test.csproj", "{4480F617-4EA2-4034-BE18-BBCD975535F8}"
EndProject
Project("{2150E333-8FDC-42A3-9474-1A3956D46DE8}") = "NewFolder1", "NewFolder1", "{452F57F3-A878-4B09-B58B-CC2E578FEEA4}"
EndProject
Project("{FAE04EC0-301F-11D3-BF4B-00C04F79EFBC}") = "Tyuiu.KaidalovIG.Sprint5.Task5.V23", "Tyuiu.KaidalovIG.Sprint5.Task5.V23\Tyuiu.KaidalovIG.Sprint5.Task5.V23.csproj", "{306195C7-F048-45A9-A2B2-2BF6EC404D40}"
EndProject
Project("{FAE04EC0-301F-11D3-BF4B-00C04F79EFBC}") = "Tyuiu.KaidalovIG.Sprint5.Task5.V23.Lib", "Tyuiu.KaidalovIG.Sprint5.Task5.V23.Lib\Tyuiu.KaidalovIG.Sprint5.Task5.V23.Lib.csproj", "{2260F86A-4D4D-4825-9BFA-1CF5D27EF16A}"
EndProject
Project("{FAE04EC0-301F-11D3-BF4B-00C04F79EFBC}") = "Tyuiu.KaidalovIG.Sprint5.Task5.V23.Test", "Tyuiu.KaidalovIG.Sprint5.Task5.V23.Test\Tyuiu.KaidalovIG.Sprint5.Task5.V23.Test.csproj", "{7B6DC654-27CA-47C2-8779-324BD40B9B9A}"
EndProject
Project("{2150E333-8FDC-42A3-9474-1A3956D46DE8}") = "NewFolder2", "NewFolder2", "{CBE9A118-56F9-4332-BDFC-5A6FADA1D94A}"
EndProject
Project("{FAE04EC0-301F-11D3-BF4B-00C04F79EFBC}") = "Tyuiu.KaidalovIG.Sprint5.Task6.V28", "Tyuiu.KaidalovIG.Sprint5.Task6.V28\Tyuiu.KaidalovIG.Sprint5.Task6.V28.csproj", "{C1B460F3-61A1-4FEF-9593-6496CF37CCEA}"
EndProject
Project("{FAE04EC0-301F-11D3-BF4B-00C04F79EFBC}") = "Tyuiu.KaidalovIG.Sprint5.Task6.V28.Test", "Tyuiu.KaidalovIG.Sprint5.Task6.V28.Test\Tyuiu.KaidalovIG.Sprint5.Task6.V28.Test.csproj", "{7EF738D6-F824-4063-9B03-AA1F543832ED}"
EndProject
Project("{FAE04EC0-301F-11D3-BF4B-00C04F79EFBC}") = "Tyuiu.KaidalovIG.Sprint5.Task6.V28.Lib", "Tyuiu.KaidalovIG.Sprint5.Task6.V28.Lib\Tyuiu.KaidalovIG.Sprint5.Task6.V28.Lib.csproj", "{1983498B-6DBA-459D-B2FA-7C5E4F8D557D}"
EndProject
Global
	GlobalSection(SolutionConfigurationPlatforms) = preSolution
		Debug|Any CPU = Debug|Any CPU
		Release|Any CPU = Release|Any CPU
	EndGlobalSection
	GlobalSection(ProjectConfigurationPlatforms) = postSolution
		{228A86C9-F258-41EC-AB87-4F8712F56C73}.Debug|Any CPU.ActiveCfg = Debug|Any CPU
		{228A86C9-F258-41EC-AB87-4F8712F56C73}.Debug|Any CPU.Build.0 = Debug|Any CPU
		{228A86C9-F258-41EC-AB87-4F8712F56C73}.Release|Any CPU.ActiveCfg = Release|Any CPU
		{228A86C9-F258-41EC-AB87-4F8712F56C73}.Release|Any CPU.Build.0 = Release|Any CPU
		{AC3E4C10-C822-4F65-B198-0289CC8F04AF}.Debug|Any CPU.ActiveCfg = Debug|Any CPU
		{AC3E4C10-C822-4F65-B198-0289CC8F04AF}.Debug|Any CPU.Build.0 = Debug|Any CPU
		{AC3E4C10-C822-4F65-B198-0289CC8F04AF}.Release|Any CPU.ActiveCfg = Release|Any CPU
		{AC3E4C10-C822-4F65-B198-0289CC8F04AF}.Release|Any CPU.Build.0 = Release|Any CPU
		{7DCF43C6-785F-417A-AC9A-6EAF1FD6B7B0}.Debug|Any CPU.ActiveCfg = Debug|Any CPU
		{7DCF43C6-785F-417A-AC9A-6EAF1FD6B7B0}.Debug|Any CPU.Build.0 = Debug|Any CPU
		{7DCF43C6-785F-417A-AC9A-6EAF1FD6B7B0}.Release|Any CPU.ActiveCfg = Release|Any CPU
		{7DCF43C6-785F-417A-AC9A-6EAF1FD6B7B0}.Release|Any CPU.Build.0 = Release|Any CPU
		{90A4F84B-A4D7-42BD-A9CB-A6D4B46EC7CD}.Debug|Any CPU.ActiveCfg = Debug|Any CPU
		{90A4F84B-A4D7-42BD-A9CB-A6D4B46EC7CD}.Debug|Any CPU.Build.0 = Debug|Any CPU
		{90A4F84B-A4D7-42BD-A9CB-A6D4B46EC7CD}.Release|Any CPU.ActiveCfg = Release|Any CPU
		{90A4F84B-A4D7-42BD-A9CB-A6D4B46EC7CD}.Release|Any CPU.Build.0 = Release|Any CPU
		{0F896CCB-72B5-4106-A9CA-1B85D649F499}.Debug|Any CPU.ActiveCfg = Debug|Any CPU
		{0F896CCB-72B5-4106-A9CA-1B85D649F499}.Debug|Any CPU.Build.0 = Debug|Any CPU
		{0F896CCB-72B5-4106-A9CA-1B85D649F499}.Release|Any CPU.ActiveCfg = Release|Any CPU
		{0F896CCB-72B5-4106-A9CA-1B85D649F499}.Release|Any CPU.Build.0 = Release|Any CPU
		{C6C42450-A49B-43D3-93FD-C03AF9B029D4}.Debug|Any CPU.ActiveCfg = Debug|Any CPU
		{C6C42450-A49B-43D3-93FD-C03AF9B029D4}.Debug|Any CPU.Build.0 = Debug|Any CPU
		{C6C42450-A49B-43D3-93FD-C03AF9B029D4}.Release|Any CPU.ActiveCfg = Release|Any CPU
		{C6C42450-A49B-43D3-93FD-C03AF9B029D4}.Release|Any CPU.Build.0 = Release|Any CPU
		{88E9D532-964B-44FB-AC44-196FF0DE3334}.Debug|Any CPU.ActiveCfg = Debug|Any CPU
		{88E9D532-964B-44FB-AC44-196FF0DE3334}.Debug|Any CPU.Build.0 = Debug|Any CPU
		{88E9D532-964B-44FB-AC44-196FF0DE3334}.Release|Any CPU.ActiveCfg = Release|Any CPU
		{88E9D532-964B-44FB-AC44-196FF0DE3334}.Release|Any CPU.Build.0 = Release|Any CPU
		{6F7CAA2D-378D-48E0-810A-3D9359EA22B8}.Debug|Any CPU.ActiveCfg = Debug|Any CPU
		{6F7CAA2D-378D-48E0-810A-3D9359EA22B8}.Debug|Any CPU.Build.0 = Debug|Any CPU
		{6F7CAA2D-378D-48E0-810A-3D9359EA22B8}.Release|Any CPU.ActiveCfg = Release|Any CPU
		{6F7CAA2D-378D-48E0-810A-3D9359EA22B8}.Release|Any CPU.Build.0 = Release|Any CPU
		{ADCF5AF2-B037-4754-A4AC-FA460A870546}.Debug|Any CPU.ActiveCfg = Debug|Any CPU
		{ADCF5AF2-B037-4754-A4AC-FA460A870546}.Debug|Any CPU.Build.0 = Debug|Any CPU
		{ADCF5AF2-B037-4754-A4AC-FA460A870546}.Release|Any CPU.ActiveCfg = Release|Any CPU
		{ADCF5AF2-B037-4754-A4AC-FA460A870546}.Release|Any CPU.Build.0 = Release|Any CPU
		{84FD55E9-F288-4727-831C-66E858C8F67B}.Debug|Any CPU.ActiveCfg = Debug|Any CPU
		{84FD55E9-F288-4727-831C-66E858C8F67B}.Debug|Any CPU.Build.0 = Debug|Any CPU
		{84FD55E9-F288-4727-831C-66E858C8F67B}.Release|Any CPU.ActiveCfg = Release|Any CPU
		{84FD55E9-F288-4727-831C-66E858C8F67B}.Release|Any CPU.Build.0 = Release|Any CPU
		{1EB2B778-E00D-4217-9F63-46A850821416}.Debug|Any CPU.ActiveCfg = Debug|Any CPU
		{1EB2B778-E00D-4217-9F63-46A850821416}.Debug|Any CPU.Build.0 = Debug|Any CPU
		{1EB2B778-E00D-4217-9F63-46A850821416}.Release|Any CPU.ActiveCfg = Release|Any CPU
		{1EB2B778-E00D-4217-9F63-46A850821416}.Release|Any CPU.Build.0 = Release|Any CPU
		{517B4E99-DFEA-4391-A33B-E77D15ACAE21}.Debug|Any CPU.ActiveCfg = Debug|Any CPU
		{517B4E99-DFEA-4391-A33B-E77D15ACAE21}.Debug|Any CPU.Build.0 = Debug|Any CPU
		{517B4E99-DFEA-4391-A33B-E77D15ACAE21}.Release|Any CPU.ActiveCfg = Release|Any CPU
		{517B4E99-DFEA-4391-A33B-E77D15ACAE21}.Release|Any CPU.Build.0 = Release|Any CPU
		{8425AEE1-30CB-4D0E-ADED-1C8C631D948C}.Debug|Any CPU.ActiveCfg = Debug|Any CPU
		{8425AEE1-30CB-4D0E-ADED-1C8C631D948C}.Debug|Any CPU.Build.0 = Debug|Any CPU
		{8425AEE1-30CB-4D0E-ADED-1C8C631D948C}.Release|Any CPU.ActiveCfg = Release|Any CPU
		{8425AEE1-30CB-4D0E-ADED-1C8C631D948C}.Release|Any CPU.Build.0 = Release|Any CPU
		{B990A122-15F3-40F3-8B4C-B6972908FD94}.Debug|Any CPU.ActiveCfg = Debug|Any CPU
		{B990A122-15F3-40F3-8B4C-B6972908FD94}.Debug|Any CPU.Build.0 = Debug|Any CPU
		{B990A122-15F3-40F3-8B4C-B6972908FD94}.Release|Any CPU.ActiveCfg = Release|Any CPU
		{B990A122-15F3-40F3-8B4C-B6972908FD94}.Release|Any CPU.Build.0 = Release|Any CPU
		{4480F617-4EA2-4034-BE18-BBCD975535F8}.Debug|Any CPU.ActiveCfg = Debug|Any CPU
		{4480F617-4EA2-4034-BE18-BBCD975535F8}.Debug|Any CPU.Build.0 = Debug|Any CPU
		{4480F617-4EA2-4034-BE18-BBCD975535F8}.Release|Any CPU.ActiveCfg = Release|Any CPU
		{4480F617-4EA2-4034-BE18-BBCD975535F8}.Release|Any CPU.Build.0 = Release|Any CPU
		{306195C7-F048-45A9-A2B2-2BF6EC404D40}.Debug|Any CPU.ActiveCfg = Debug|Any CPU
		{306195C7-F048-45A9-A2B2-2BF6EC404D40}.Debug|Any CPU.Build.0 = Debug|Any CPU
		{306195C7-F048-45A9-A2B2-2BF6EC404D40}.Release|Any CPU.ActiveCfg = Release|Any CPU
		{306195C7-F048-45A9-A2B2-2BF6EC404D40}.Release|Any CPU.Build.0 = Release|Any CPU
		{2260F86A-4D4D-4825-9BFA-1CF5D27EF16A}.Debug|Any CPU.ActiveCfg = Debug|Any CPU
		{2260F86A-4D4D-4825-9BFA-1CF5D27EF16A}.Debug|Any CPU.Build.0 = Debug|Any CPU
		{2260F86A-4D4D-4825-9BFA-1CF5D27EF16A}.Release|Any CPU.ActiveCfg = Release|Any CPU
		{2260F86A-4D4D-4825-9BFA-1CF5D27EF16A}.Release|Any CPU.Build.0 = Release|Any CPU
		{7B6DC654-27CA-47C2-8779-324BD40B9B9A}.Debug|Any CPU.ActiveCfg = Debug|Any CPU
		{7B6DC654-27CA-47C2-8779-324BD40B9B9A}.Debug|Any CPU.Build.0 = Debug|Any CPU
		{7B6DC654-27CA-47C2-8779-324BD40B9B9A}.Release|Any CPU.ActiveCfg = Release|Any CPU
		{7B6DC654-27CA-47C2-8779-324BD40B9B9A}.Release|Any CPU.Build.0 = Release|Any CPU
		{C1B460F3-61A1-4FEF-9593-6496CF37CCEA}.Debug|Any CPU.ActiveCfg = Debug|Any CPU
		{C1B460F3-61A1-4FEF-9593-6496CF37CCEA}.Debug|Any CPU.Build.0 = Debug|Any CPU
		{C1B460F3-61A1-4FEF-9593-6496CF37CCEA}.Release|Any CPU.ActiveCfg = Release|Any CPU
		{C1B460F3-61A1-4FEF-9593-6496CF37CCEA}.Release|Any CPU.Build.0 = Release|Any CPU
		{7EF738D6-F824-4063-9B03-AA1F543832ED}.Debug|Any CPU.ActiveCfg = Debug|Any CPU
		{7EF738D6-F824-4063-9B03-AA1F543832ED}.Debug|Any CPU.Build.0 = Debug|Any CPU
		{7EF738D6-F824-4063-9B03-AA1F543832ED}.Release|Any CPU.ActiveCfg = Release|Any CPU
		{7EF738D6-F824-4063-9B03-AA1F543832ED}.Release|Any CPU.Build.0 = Release|Any CPU
		{1983498B-6DBA-459D-B2FA-7C5E4F8D557D}.Debug|Any CPU.ActiveCfg = Debug|Any CPU
		{1983498B-6DBA-459D-B2FA-7C5E4F8D557D}.Debug|Any CPU.Build.0 = Debug|Any CPU
		{1983498B-6DBA-459D-B2FA-7C5E4F8D557D}.Release|Any CPU.ActiveCfg = Release|Any CPU
		{1983498B-6DBA-459D-B2FA-7C5E4F8D557D}.Release|Any CPU.Build.0 = Release|Any CPU
	EndGlobalSection
	GlobalSection(SolutionProperties) = preSolution
		HideSolutionNode = FALSE
	EndGlobalSection
	GlobalSection(NestedProjects) = preSolution
		{228A86C9-F258-41EC-AB87-4F8712F56C73} = {8364CCB2-52B7-422C-98B3-84AE0FB67F36}
		{AC3E4C10-C822-4F65-B198-0289CC8F04AF} = {8364CCB2-52B7-422C-98B3-84AE0FB67F36}
		{7DCF43C6-785F-417A-AC9A-6EAF1FD6B7B0} = {8364CCB2-52B7-422C-98B3-84AE0FB67F36}
		{90A4F84B-A4D7-42BD-A9CB-A6D4B46EC7CD} = {C90BEDCE-72C0-462A-AFD8-953D2CD47B0F}
		{0F896CCB-72B5-4106-A9CA-1B85D649F499} = {C90BEDCE-72C0-462A-AFD8-953D2CD47B0F}
		{C6C42450-A49B-43D3-93FD-C03AF9B029D4} = {C90BEDCE-72C0-462A-AFD8-953D2CD47B0F}
		{88E9D532-964B-44FB-AC44-196FF0DE3334} = {74795F28-EC01-4407-A552-99F31EC50F96}
		{6F7CAA2D-378D-48E0-810A-3D9359EA22B8} = {74795F28-EC01-4407-A552-99F31EC50F96}
		{ADCF5AF2-B037-4754-A4AC-FA460A870546} = {74795F28-EC01-4407-A552-99F31EC50F96}
		{84FD55E9-F288-4727-831C-66E858C8F67B} = {15104A06-8719-4E48-9203-E9C639DBAD6A}
		{1EB2B778-E00D-4217-9F63-46A850821416} = {15104A06-8719-4E48-9203-E9C639DBAD6A}
		{517B4E99-DFEA-4391-A33B-E77D15ACAE21} = {15104A06-8719-4E48-9203-E9C639DBAD6A}
		{8425AEE1-30CB-4D0E-ADED-1C8C631D948C} = {B9A7B8C5-6466-4D28-BAF7-2A36DD1F00C9}
		{B990A122-15F3-40F3-8B4C-B6972908FD94} = {B9A7B8C5-6466-4D28-BAF7-2A36DD1F00C9}
		{4480F617-4EA2-4034-BE18-BBCD975535F8} = {B9A7B8C5-6466-4D28-BAF7-2A36DD1F00C9}
		{306195C7-F048-45A9-A2B2-2BF6EC404D40} = {452F57F3-A878-4B09-B58B-CC2E578FEEA4}
		{2260F86A-4D4D-4825-9BFA-1CF5D27EF16A} = {452F57F3-A878-4B09-B58B-CC2E578FEEA4}
		{7B6DC654-27CA-47C2-8779-324BD40B9B9A} = {452F57F3-A878-4B09-B58B-CC2E578FEEA4}
		{C1B460F3-61A1-4FEF-9593-6496CF37CCEA} = {CBE9A118-56F9-4332-BDFC-5A6FADA1D94A}
		{7EF738D6-F824-4063-9B03-AA1F543832ED} = {CBE9A118-56F9-4332-BDFC-5A6FADA1D94A}
		{1983498B-6DBA-459D-B2FA-7C5E4F8D557D} = {CBE9A118-56F9-4332-BDFC-5A6FADA1D94A}
	EndGlobalSection
	GlobalSection(ExtensibilityGlobals) = postSolution
		SolutionGuid = {649EE492-B426-4F00-BC33-71F5EE091443}
	EndGlobalSection
EndGlobal
